// !$*UTF8*$!
{
	archiveVersion = 1;
	classes = {
	};
	objectVersion = 46;
	objects = {

/* Begin PBXBuildFile section */
		9236CC091C33170C0098D656 /* MKMapView+Focus.m in Sources */ = {isa = PBXBuildFile; fileRef = 9236CC081C33170C0098D656 /* MKMapView+Focus.m */; };
		9236CC0C1C3323D40098D656 /* BreadcrumbAnnotationView.m in Sources */ = {isa = PBXBuildFile; fileRef = 9236CC0B1C3323D40098D656 /* BreadcrumbAnnotationView.m */; };
		9236CC0E1C3411440098D656 /* placeholder-640x480.png in Resources */ = {isa = PBXBuildFile; fileRef = 9236CC0D1C3411440098D656 /* placeholder-640x480.png */; };
		9281059F1C3838540082AE03 /* SqlModel.m in Sources */ = {isa = PBXBuildFile; fileRef = 9281059E1C3838540082AE03 /* SqlModel.m */; };
		928105A21C3839170082AE03 /* BreadcrumbSql.m in Sources */ = {isa = PBXBuildFile; fileRef = 928105A11C3839170082AE03 /* BreadcrumbSql.m */; };
		928105A51C38391F0082AE03 /* LastUpdateSql.m in Sources */ = {isa = PBXBuildFile; fileRef = 928105A41C38391F0082AE03 /* LastUpdateSql.m */; };
		928105A71C3855940082AE03 /* Launch Screen@3x.png in Resources */ = {isa = PBXBuildFile; fileRef = 928105A61C3855940082AE03 /* Launch Screen@3x.png */; };
		928105A91C385C080082AE03 /* Launch Screen@2x.png in Resources */ = {isa = PBXBuildFile; fileRef = 928105A81C385C080082AE03 /* Launch Screen@2x.png */; };
		929CE53C1C31A2B40022946A /* CreateViewController.m in Sources */ = {isa = PBXBuildFile; fileRef = 929CE53B1C31A2B40022946A /* CreateViewController.m */; };
		92B6685A1C2D8F750014198E /* main.m in Sources */ = {isa = PBXBuildFile; fileRef = 92B668591C2D8F750014198E /* main.m */; };
		92B6685D1C2D8F750014198E /* AppDelegate.m in Sources */ = {isa = PBXBuildFile; fileRef = 92B6685C1C2D8F750014198E /* AppDelegate.m */; };
		92B668601C2D8F750014198E /* ViewController.m in Sources */ = {isa = PBXBuildFile; fileRef = 92B6685F1C2D8F750014198E /* ViewController.m */; };
		92B668631C2D8F750014198E /* Main.storyboard in Resources */ = {isa = PBXBuildFile; fileRef = 92B668611C2D8F750014198E /* Main.storyboard */; };
		92B668651C2D8F750014198E /* Assets.xcassets in Resources */ = {isa = PBXBuildFile; fileRef = 92B668641C2D8F750014198E /* Assets.xcassets */; };
		92B668681C2D8F750014198E /* LaunchScreen.storyboard in Resources */ = {isa = PBXBuildFile; fileRef = 92B668661C2D8F750014198E /* LaunchScreen.storyboard */; };
		92B668731C2D9D090014198E /* MapKit.framework in Frameworks */ = {isa = PBXBuildFile; fileRef = 92B668721C2D9D090014198E /* MapKit.framework */; };
		92B668811C2EED140014198E /* Breadcrumb.m in Sources */ = {isa = PBXBuildFile; fileRef = 92B6687E1C2EED140014198E /* Breadcrumb.m */; };
		92B668821C2EED140014198E /* Model.m in Sources */ = {isa = PBXBuildFile; fileRef = 92B668801C2EED140014198E /* Model.m */; };
		92B668851C2EF89D0014198E /* ListViewController.m in Sources */ = {isa = PBXBuildFile; fileRef = 92B668841C2EF89D0014198E /* ListViewController.m */; };
		92B668871C2F00B10014198E /* seo6.jpg in Resources */ = {isa = PBXBuildFile; fileRef = 92B668861C2F00B10014198E /* seo6.jpg */; };
		92B6688A1C2F015A0014198E /* DetailViewController.m in Sources */ = {isa = PBXBuildFile; fileRef = 92B668891C2F015A0014198E /* DetailViewController.m */; };
		92B6688D1C2F130B0014198E /* UIVIew+Shadow.m in Sources */ = {isa = PBXBuildFile; fileRef = 92B6688C1C2F130B0014198E /* UIVIew+Shadow.m */; };
		92B668921C2F2CF30014198E /* BreadcrumbAnnotation.m in Sources */ = {isa = PBXBuildFile; fileRef = 92B668911C2F2CF30014198E /* BreadcrumbAnnotation.m */; };
		92E441BE1C36BDE100E0A913 /* ParseModel.m in Sources */ = {isa = PBXBuildFile; fileRef = 92E441BD1C36BDE100E0A913 /* ParseModel.m */; };
		92E441C21C36C71400E0A913 /* Bolts.framework in Frameworks */ = {isa = PBXBuildFile; fileRef = 92E441C01C36C71400E0A913 /* Bolts.framework */; };
		92E441C31C36C71400E0A913 /* Parse.framework in Frameworks */ = {isa = PBXBuildFile; fileRef = 92E441C11C36C71400E0A913 /* Parse.framework */; };
		92E441C51C36C74300E0A913 /* AudioToolbox.framework in Frameworks */ = {isa = PBXBuildFile; fileRef = 92E441C41C36C74300E0A913 /* AudioToolbox.framework */; };
		92E441C71C36C74B00E0A913 /* CFNetwork.framework in Frameworks */ = {isa = PBXBuildFile; fileRef = 92E441C61C36C74B00E0A913 /* CFNetwork.framework */; };
		92E441C91C36C75300E0A913 /* CoreGraphics.framework in Frameworks */ = {isa = PBXBuildFile; fileRef = 92E441C81C36C75300E0A913 /* CoreGraphics.framework */; };
		92E441CB1C36C75A00E0A913 /* CoreLocation.framework in Frameworks */ = {isa = PBXBuildFile; fileRef = 92E441CA1C36C75A00E0A913 /* CoreLocation.framework */; };
		92E441CD1C36C76100E0A913 /* QuartzCore.framework in Frameworks */ = {isa = PBXBuildFile; fileRef = 92E441CC1C36C76100E0A913 /* QuartzCore.framework */; };
		92E441CF1C36C76800E0A913 /* Security.framework in Frameworks */ = {isa = PBXBuildFile; fileRef = 92E441CE1C36C76800E0A913 /* Security.framework */; };
		92E441D31C36C77500E0A913 /* SystemConfiguration.framework in Frameworks */ = {isa = PBXBuildFile; fileRef = 92E441D21C36C77500E0A913 /* SystemConfiguration.framework */; };
		92E441D51C36C77F00E0A913 /* libz.tbd in Frameworks */ = {isa = PBXBuildFile; fileRef = 92E441D41C36C77F00E0A913 /* libz.tbd */; };
		92E441D71C36C78900E0A913 /* libsqlite3.tbd in Frameworks */ = {isa = PBXBuildFile; fileRef = 92E441D61C36C78900E0A913 /* libsqlite3.tbd */; };
		92E441DA1C37165D00E0A913 /* LogInViewController.m in Sources */ = {isa = PBXBuildFile; fileRef = 92E441D91C37165D00E0A913 /* LogInViewController.m */; };
/* End PBXBuildFile section */

/* Begin PBXFileReference section */
		9236CC071C33170C0098D656 /* MKMapView+Focus.h */ = {isa = PBXFileReference; fileEncoding = 4; lastKnownFileType = sourcecode.c.h; path = "MKMapView+Focus.h"; sourceTree = "<group>"; };
		9236CC081C33170C0098D656 /* MKMapView+Focus.m */ = {isa = PBXFileReference; fileEncoding = 4; lastKnownFileType = sourcecode.c.objc; path = "MKMapView+Focus.m"; sourceTree = "<group>"; };
		9236CC0A1C3323D40098D656 /* BreadcrumbAnnotationView.h */ = {isa = PBXFileReference; fileEncoding = 4; lastKnownFileType = sourcecode.c.h; path = BreadcrumbAnnotationView.h; sourceTree = "<group>"; };
		9236CC0B1C3323D40098D656 /* BreadcrumbAnnotationView.m */ = {isa = PBXFileReference; fileEncoding = 4; lastKnownFileType = sourcecode.c.objc; path = BreadcrumbAnnotationView.m; sourceTree = "<group>"; };
		9236CC0D1C3411440098D656 /* placeholder-640x480.png */ = {isa = PBXFileReference; lastKnownFileType = image.png; path = "placeholder-640x480.png"; sourceTree = "<group>"; };
		9281059D1C3838540082AE03 /* SqlModel.h */ = {isa = PBXFileReference; fileEncoding = 4; lastKnownFileType = sourcecode.c.h; path = SqlModel.h; sourceTree = "<group>"; };
		9281059E1C3838540082AE03 /* SqlModel.m */ = {isa = PBXFileReference; fileEncoding = 4; lastKnownFileType = sourcecode.c.objc; path = SqlModel.m; sourceTree = "<group>"; };
		928105A01C3839170082AE03 /* BreadcrumbSql.h */ = {isa = PBXFileReference; fileEncoding = 4; lastKnownFileType = sourcecode.c.h; path = BreadcrumbSql.h; sourceTree = "<group>"; };
		928105A11C3839170082AE03 /* BreadcrumbSql.m */ = {isa = PBXFileReference; fileEncoding = 4; lastKnownFileType = sourcecode.c.objc; path = BreadcrumbSql.m; sourceTree = "<group>"; };
		928105A31C38391F0082AE03 /* LastUpdateSql.h */ = {isa = PBXFileReference; fileEncoding = 4; lastKnownFileType = sourcecode.c.h; path = LastUpdateSql.h; sourceTree = "<group>"; };
		928105A41C38391F0082AE03 /* LastUpdateSql.m */ = {isa = PBXFileReference; fileEncoding = 4; lastKnownFileType = sourcecode.c.objc; path = LastUpdateSql.m; sourceTree = "<group>"; };
		928105A61C3855940082AE03 /* Launch Screen@3x.png */ = {isa = PBXFileReference; lastKnownFileType = image.png; path = "Launch Screen@3x.png"; sourceTree = "<group>"; };
		928105A81C385C080082AE03 /* Launch Screen@2x.png */ = {isa = PBXFileReference; lastKnownFileType = image.png; path = "Launch Screen@2x.png"; sourceTree = "<group>"; };
		929CE53A1C31A2B40022946A /* CreateViewController.h */ = {isa = PBXFileReference; fileEncoding = 4; lastKnownFileType = sourcecode.c.h; path = CreateViewController.h; sourceTree = "<group>"; };
		929CE53B1C31A2B40022946A /* CreateViewController.m */ = {isa = PBXFileReference; fileEncoding = 4; lastKnownFileType = sourcecode.c.objc; path = CreateViewController.m; sourceTree = "<group>"; };
		92B668551C2D8F750014198E /* Breadcrumbs.app */ = {isa = PBXFileReference; explicitFileType = wrapper.application; includeInIndex = 0; path = Breadcrumbs.app; sourceTree = BUILT_PRODUCTS_DIR; };
		92B668591C2D8F750014198E /* main.m */ = {isa = PBXFileReference; lastKnownFileType = sourcecode.c.objc; path = main.m; sourceTree = "<group>"; };
		92B6685B1C2D8F750014198E /* AppDelegate.h */ = {isa = PBXFileReference; lastKnownFileType = sourcecode.c.h; path = AppDelegate.h; sourceTree = "<group>"; };
		92B6685C1C2D8F750014198E /* AppDelegate.m */ = {isa = PBXFileReference; lastKnownFileType = sourcecode.c.objc; path = AppDelegate.m; sourceTree = "<group>"; };
		92B6685E1C2D8F750014198E /* ViewController.h */ = {isa = PBXFileReference; lastKnownFileType = sourcecode.c.h; path = ViewController.h; sourceTree = "<group>"; };
		92B6685F1C2D8F750014198E /* ViewController.m */ = {isa = PBXFileReference; lastKnownFileType = sourcecode.c.objc; path = ViewController.m; sourceTree = "<group>"; };
		92B668621C2D8F750014198E /* Base */ = {isa = PBXFileReference; lastKnownFileType = file.storyboard; name = Base; path = Base.lproj/Main.storyboard; sourceTree = "<group>"; };
		92B668641C2D8F750014198E /* Assets.xcassets */ = {isa = PBXFileReference; lastKnownFileType = folder.assetcatalog; path = Assets.xcassets; sourceTree = "<group>"; };
		92B668671C2D8F750014198E /* Base */ = {isa = PBXFileReference; lastKnownFileType = file.storyboard; name = Base; path = Base.lproj/LaunchScreen.storyboard; sourceTree = "<group>"; };
		92B668691C2D8F750014198E /* Info.plist */ = {isa = PBXFileReference; lastKnownFileType = text.plist.xml; path = Info.plist; sourceTree = "<group>"; };
		92B668721C2D9D090014198E /* MapKit.framework */ = {isa = PBXFileReference; lastKnownFileType = wrapper.framework; name = MapKit.framework; path = System/Library/Frameworks/MapKit.framework; sourceTree = SDKROOT; };
		92B6687D1C2EED140014198E /* Breadcrumb.h */ = {isa = PBXFileReference; fileEncoding = 4; lastKnownFileType = sourcecode.c.h; path = Breadcrumb.h; sourceTree = "<group>"; };
		92B6687E1C2EED140014198E /* Breadcrumb.m */ = {isa = PBXFileReference; fileEncoding = 4; lastKnownFileType = sourcecode.c.objc; path = Breadcrumb.m; sourceTree = "<group>"; };
		92B6687F1C2EED140014198E /* Model.h */ = {isa = PBXFileReference; fileEncoding = 4; lastKnownFileType = sourcecode.c.h; path = Model.h; sourceTree = "<group>"; };
		92B668801C2EED140014198E /* Model.m */ = {isa = PBXFileReference; fileEncoding = 4; lastKnownFileType = sourcecode.c.objc; path = Model.m; sourceTree = "<group>"; };
		92B668831C2EF89D0014198E /* ListViewController.h */ = {isa = PBXFileReference; fileEncoding = 4; lastKnownFileType = sourcecode.c.h; path = ListViewController.h; sourceTree = "<group>"; };
		92B668841C2EF89D0014198E /* ListViewController.m */ = {isa = PBXFileReference; fileEncoding = 4; lastKnownFileType = sourcecode.c.objc; path = ListViewController.m; sourceTree = "<group>"; };
		92B668861C2F00B10014198E /* seo6.jpg */ = {isa = PBXFileReference; lastKnownFileType = image.jpeg; path = seo6.jpg; sourceTree = "<group>"; };
		92B668881C2F015A0014198E /* DetailViewController.h */ = {isa = PBXFileReference; fileEncoding = 4; lastKnownFileType = sourcecode.c.h; path = DetailViewController.h; sourceTree = "<group>"; };
		92B668891C2F015A0014198E /* DetailViewController.m */ = {isa = PBXFileReference; fileEncoding = 4; lastKnownFileType = sourcecode.c.objc; path = DetailViewController.m; sourceTree = "<group>"; };
		92B6688B1C2F130B0014198E /* UIVIew+Shadow.h */ = {isa = PBXFileReference; fileEncoding = 4; lastKnownFileType = sourcecode.c.h; path = "UIVIew+Shadow.h"; sourceTree = "<group>"; };
		92B6688C1C2F130B0014198E /* UIVIew+Shadow.m */ = {isa = PBXFileReference; fileEncoding = 4; lastKnownFileType = sourcecode.c.objc; path = "UIVIew+Shadow.m"; sourceTree = "<group>"; };
		92B668901C2F2CF30014198E /* BreadcrumbAnnotation.h */ = {isa = PBXFileReference; fileEncoding = 4; lastKnownFileType = sourcecode.c.h; path = BreadcrumbAnnotation.h; sourceTree = "<group>"; };
		92B668911C2F2CF30014198E /* BreadcrumbAnnotation.m */ = {isa = PBXFileReference; fileEncoding = 4; lastKnownFileType = sourcecode.c.objc; path = BreadcrumbAnnotation.m; sourceTree = "<group>"; };
		92E441BC1C36BDE100E0A913 /* ParseModel.h */ = {isa = PBXFileReference; fileEncoding = 4; lastKnownFileType = sourcecode.c.h; path = ParseModel.h; sourceTree = "<group>"; };
		92E441BD1C36BDE100E0A913 /* ParseModel.m */ = {isa = PBXFileReference; fileEncoding = 4; lastKnownFileType = sourcecode.c.objc; path = ParseModel.m; sourceTree = "<group>"; };
		92E441C01C36C71400E0A913 /* Bolts.framework */ = {isa = PBXFileReference; lastKnownFileType = wrapper.framework; path = Bolts.framework; sourceTree = "<group>"; };
		92E441C11C36C71400E0A913 /* Parse.framework */ = {isa = PBXFileReference; lastKnownFileType = wrapper.framework; path = Parse.framework; sourceTree = "<group>"; };
		92E441C41C36C74300E0A913 /* AudioToolbox.framework */ = {isa = PBXFileReference; lastKnownFileType = wrapper.framework; name = AudioToolbox.framework; path = System/Library/Frameworks/AudioToolbox.framework; sourceTree = SDKROOT; };
		92E441C61C36C74B00E0A913 /* CFNetwork.framework */ = {isa = PBXFileReference; lastKnownFileType = wrapper.framework; name = CFNetwork.framework; path = System/Library/Frameworks/CFNetwork.framework; sourceTree = SDKROOT; };
		92E441C81C36C75300E0A913 /* CoreGraphics.framework */ = {isa = PBXFileReference; lastKnownFileType = wrapper.framework; name = CoreGraphics.framework; path = System/Library/Frameworks/CoreGraphics.framework; sourceTree = SDKROOT; };
		92E441CA1C36C75A00E0A913 /* CoreLocation.framework */ = {isa = PBXFileReference; lastKnownFileType = wrapper.framework; name = CoreLocation.framework; path = System/Library/Frameworks/CoreLocation.framework; sourceTree = SDKROOT; };
		92E441CC1C36C76100E0A913 /* QuartzCore.framework */ = {isa = PBXFileReference; lastKnownFileType = wrapper.framework; name = QuartzCore.framework; path = System/Library/Frameworks/QuartzCore.framework; sourceTree = SDKROOT; };
		92E441CE1C36C76800E0A913 /* Security.framework */ = {isa = PBXFileReference; lastKnownFileType = wrapper.framework; name = Security.framework; path = System/Library/Frameworks/Security.framework; sourceTree = SDKROOT; };
		92E441D21C36C77500E0A913 /* SystemConfiguration.framework */ = {isa = PBXFileReference; lastKnownFileType = wrapper.framework; name = SystemConfiguration.framework; path = System/Library/Frameworks/SystemConfiguration.framework; sourceTree = SDKROOT; };
		92E441D41C36C77F00E0A913 /* libz.tbd */ = {isa = PBXFileReference; lastKnownFileType = "sourcecode.text-based-dylib-definition"; name = libz.tbd; path = usr/lib/libz.tbd; sourceTree = SDKROOT; };
		92E441D61C36C78900E0A913 /* libsqlite3.tbd */ = {isa = PBXFileReference; lastKnownFileType = "sourcecode.text-based-dylib-definition"; name = libsqlite3.tbd; path = usr/lib/libsqlite3.tbd; sourceTree = SDKROOT; };
		92E441D81C37165D00E0A913 /* LogInViewController.h */ = {isa = PBXFileReference; fileEncoding = 4; lastKnownFileType = sourcecode.c.h; path = LogInViewController.h; sourceTree = "<group>"; };
		92E441D91C37165D00E0A913 /* LogInViewController.m */ = {isa = PBXFileReference; fileEncoding = 4; lastKnownFileType = sourcecode.c.objc; path = LogInViewController.m; sourceTree = "<group>"; };
/* End PBXFileReference section */

/* Begin PBXFrameworksBuildPhase section */
		92B668521C2D8F750014198E /* Frameworks */ = {
			isa = PBXFrameworksBuildPhase;
			buildActionMask = 2147483647;
			files = (
				92E441D71C36C78900E0A913 /* libsqlite3.tbd in Frameworks */,
				92E441D51C36C77F00E0A913 /* libz.tbd in Frameworks */,
				92E441D31C36C77500E0A913 /* SystemConfiguration.framework in Frameworks */,
				92E441CF1C36C76800E0A913 /* Security.framework in Frameworks */,
				92E441CD1C36C76100E0A913 /* QuartzCore.framework in Frameworks */,
				92E441CB1C36C75A00E0A913 /* CoreLocation.framework in Frameworks */,
				92E441C91C36C75300E0A913 /* CoreGraphics.framework in Frameworks */,
				92E441C71C36C74B00E0A913 /* CFNetwork.framework in Frameworks */,
				92E441C51C36C74300E0A913 /* AudioToolbox.framework in Frameworks */,
				92B668731C2D9D090014198E /* MapKit.framework in Frameworks */,
				92E441C31C36C71400E0A913 /* Parse.framework in Frameworks */,
				92E441C21C36C71400E0A913 /* Bolts.framework in Frameworks */,
			);
			runOnlyForDeploymentPostprocessing = 0;
		};
/* End PBXFrameworksBuildPhase section */

/* Begin PBXGroup section */
		92B6684C1C2D8F750014198E = {
			isa = PBXGroup;
			children = (
				92E441BF1C36C6B000E0A913 /* Frameworks */,
				92B668571C2D8F750014198E /* Breadcrumbs */,
				92B668561C2D8F750014198E /* Products */,
			);
			sourceTree = "<group>";
		};
		92B668561C2D8F750014198E /* Products */ = {
			isa = PBXGroup;
			children = (
				92B668551C2D8F750014198E /* Breadcrumbs.app */,
			);
			name = Products;
			sourceTree = "<group>";
		};
		92B668571C2D8F750014198E /* Breadcrumbs */ = {
			isa = PBXGroup;
			children = (
				92B6688F1C2F2CDA0014198E /* Annotations */,
				92B6688E1C2F13120014198E /* Categories */,
				92B668741C2D9D740014198E /* Controllers */,
				92B668761C2EE8FF0014198E /* Model */,
				92B668711C2D9BFF0014198E /* Resources */,
				92B668751C2D9D940014198E /* Storyboards */,
				92B668581C2D8F750014198E /* Supporting Files */,
			);
			path = Breadcrumbs;
			sourceTree = "<group>";
		};
		92B668581C2D8F750014198E /* Supporting Files */ = {
			isa = PBXGroup;
			children = (
				92B6685B1C2D8F750014198E /* AppDelegate.h */,
				92B6685C1C2D8F750014198E /* AppDelegate.m */,
				92B668691C2D8F750014198E /* Info.plist */,
				92B668591C2D8F750014198E /* main.m */,
			);
			path = "Supporting Files";
			sourceTree = "<group>";
		};
		92B668711C2D9BFF0014198E /* Resources */ = {
			isa = PBXGroup;
			children = (
				928105A81C385C080082AE03 /* Launch Screen@2x.png */,
				928105A61C3855940082AE03 /* Launch Screen@3x.png */,
				92B668641C2D8F750014198E /* Assets.xcassets */,
				9236CC0D1C3411440098D656 /* placeholder-640x480.png */,
				92B668861C2F00B10014198E /* seo6.jpg */,
			);
			path = Resources;
			sourceTree = "<group>";
		};
		92B668741C2D9D740014198E /* Controllers */ = {
			isa = PBXGroup;
			children = (
				92B668881C2F015A0014198E /* DetailViewController.h */,
				92B668891C2F015A0014198E /* DetailViewController.m */,
				92B668831C2EF89D0014198E /* ListViewController.h */,
				92B668841C2EF89D0014198E /* ListViewController.m */,
				92B6685E1C2D8F750014198E /* ViewController.h */,
				92B6685F1C2D8F750014198E /* ViewController.m */,
				929CE53A1C31A2B40022946A /* CreateViewController.h */,
				929CE53B1C31A2B40022946A /* CreateViewController.m */,
				92E441D81C37165D00E0A913 /* LogInViewController.h */,
				92E441D91C37165D00E0A913 /* LogInViewController.m */,
			);
			path = Controllers;
			sourceTree = "<group>";
		};
		92B668751C2D9D940014198E /* Storyboards */ = {
			isa = PBXGroup;
			children = (
				92B668661C2D8F750014198E /* LaunchScreen.storyboard */,
				92B668611C2D8F750014198E /* Main.storyboard */,
			);
			path = Storyboards;
			sourceTree = "<group>";
		};
		92B668761C2EE8FF0014198E /* Model */ = {
			isa = PBXGroup;
			children = (
				92B6687D1C2EED140014198E /* Breadcrumb.h */,
				92B6687E1C2EED140014198E /* Breadcrumb.m */,
				92B6687F1C2EED140014198E /* Model.h */,
				92B668801C2EED140014198E /* Model.m */,
				92E441BC1C36BDE100E0A913 /* ParseModel.h */,
				92E441BD1C36BDE100E0A913 /* ParseModel.m */,
				9281059D1C3838540082AE03 /* SqlModel.h */,
				9281059E1C3838540082AE03 /* SqlModel.m */,
				928105A01C3839170082AE03 /* BreadcrumbSql.h */,
				928105A11C3839170082AE03 /* BreadcrumbSql.m */,
				928105A31C38391F0082AE03 /* LastUpdateSql.h */,
				928105A41C38391F0082AE03 /* LastUpdateSql.m */,
			);
			path = Model;
			sourceTree = "<group>";
		};
		92B6688E1C2F13120014198E /* Categories */ = {
			isa = PBXGroup;
			children = (
				92B6688B1C2F130B0014198E /* UIVIew+Shadow.h */,
				92B6688C1C2F130B0014198E /* UIVIew+Shadow.m */,
				9236CC071C33170C0098D656 /* MKMapView+Focus.h */,
				9236CC081C33170C0098D656 /* MKMapView+Focus.m */,
			);
			path = Categories;
			sourceTree = "<group>";
		};
		92B6688F1C2F2CDA0014198E /* Annotations */ = {
			isa = PBXGroup;
			children = (
				92B668901C2F2CF30014198E /* BreadcrumbAnnotation.h */,
				92B668911C2F2CF30014198E /* BreadcrumbAnnotation.m */,
				9236CC0A1C3323D40098D656 /* BreadcrumbAnnotationView.h */,
				9236CC0B1C3323D40098D656 /* BreadcrumbAnnotationView.m */,
			);
			name = Annotations;
			sourceTree = "<group>";
		};
		92E441BF1C36C6B000E0A913 /* Frameworks */ = {
			isa = PBXGroup;
			children = (
				92E441D61C36C78900E0A913 /* libsqlite3.tbd */,
				92E441D41C36C77F00E0A913 /* libz.tbd */,
				92E441D21C36C77500E0A913 /* SystemConfiguration.framework */,
				92E441CE1C36C76800E0A913 /* Security.framework */,
				92E441CC1C36C76100E0A913 /* QuartzCore.framework */,
				92E441CA1C36C75A00E0A913 /* CoreLocation.framework */,
				92E441C81C36C75300E0A913 /* CoreGraphics.framework */,
				92E441C61C36C74B00E0A913 /* CFNetwork.framework */,
				92E441C41C36C74300E0A913 /* AudioToolbox.framework */,
				92E441C01C36C71400E0A913 /* Bolts.framework */,
				92E441C11C36C71400E0A913 /* Parse.framework */,
				92B668721C2D9D090014198E /* MapKit.framework */,
			);
			name = Frameworks;
			sourceTree = "<group>";
		};
/* End PBXGroup section */

/* Begin PBXNativeTarget section */
		92B668541C2D8F750014198E /* Breadcrumbs */ = {
			isa = PBXNativeTarget;
			buildConfigurationList = 92B6686C1C2D8F750014198E /* Build configuration list for PBXNativeTarget "Breadcrumbs" */;
			buildPhases = (
				92B668511C2D8F750014198E /* Sources */,
				92B668521C2D8F750014198E /* Frameworks */,
				92B668531C2D8F750014198E /* Resources */,
			);
			buildRules = (
			);
			dependencies = (
			);
			name = Breadcrumbs;
			productName = Breadcrumbs;
			productReference = 92B668551C2D8F750014198E /* Breadcrumbs.app */;
			productType = "com.apple.product-type.application";
		};
/* End PBXNativeTarget section */

/* Begin PBXProject section */
		92B6684D1C2D8F750014198E /* Project object */ = {
			isa = PBXProject;
			attributes = {
				LastUpgradeCheck = 0720;
				ORGANIZATIONNAME = "Oron Ben Zvi";
				TargetAttributes = {
					92B668541C2D8F750014198E = {
						CreatedOnToolsVersion = 7.2;
						DevelopmentTeam = WZ8GG366SX;
						SystemCapabilities = {
							com.apple.InAppPurchase = {
								enabled = 0;
							};
						};
					};
				};
			};
			buildConfigurationList = 92B668501C2D8F750014198E /* Build configuration list for PBXProject "Breadcrumbs" */;
			compatibilityVersion = "Xcode 3.2";
			developmentRegion = English;
			hasScannedForEncodings = 0;
			knownRegions = (
				en,
				Base,
			);
			mainGroup = 92B6684C1C2D8F750014198E;
			productRefGroup = 92B668561C2D8F750014198E /* Products */;
			projectDirPath = "";
			projectRoot = "";
			targets = (
				92B668541C2D8F750014198E /* Breadcrumbs */,
			);
		};
/* End PBXProject section */

/* Begin PBXResourcesBuildPhase section */
		92B668531C2D8F750014198E /* Resources */ = {
			isa = PBXResourcesBuildPhase;
			buildActionMask = 2147483647;
			files = (
				9236CC0E1C3411440098D656 /* placeholder-640x480.png in Resources */,
				928105A91C385C080082AE03 /* Launch Screen@2x.png in Resources */,
				92B668681C2D8F750014198E /* LaunchScreen.storyboard in Resources */,
				92B668871C2F00B10014198E /* seo6.jpg in Resources */,
				92B668651C2D8F750014198E /* Assets.xcassets in Resources */,
				92B668631C2D8F750014198E /* Main.storyboard in Resources */,
				928105A71C3855940082AE03 /* Launch Screen@3x.png in Resources */,
			);
			runOnlyForDeploymentPostprocessing = 0;
		};
/* End PBXResourcesBuildPhase section */

/* Begin PBXSourcesBuildPhase section */
		92B668511C2D8F750014198E /* Sources */ = {
			isa = PBXSourcesBuildPhase;
			buildActionMask = 2147483647;
			files = (
				92E441DA1C37165D00E0A913 /* LogInViewController.m in Sources */,
				928105A21C3839170082AE03 /* BreadcrumbSql.m in Sources */,
				9281059F1C3838540082AE03 /* SqlModel.m in Sources */,
				92B668601C2D8F750014198E /* ViewController.m in Sources */,
				92B668851C2EF89D0014198E /* ListViewController.m in Sources */,
				929CE53C1C31A2B40022946A /* CreateViewController.m in Sources */,
				92E441BE1C36BDE100E0A913 /* ParseModel.m in Sources */,
				92B668921C2F2CF30014198E /* BreadcrumbAnnotation.m in Sources */,
				92B6685D1C2D8F750014198E /* AppDelegate.m in Sources */,
				928105A51C38391F0082AE03 /* LastUpdateSql.m in Sources */,
				92B668811C2EED140014198E /* Breadcrumb.m in Sources */,
				9236CC091C33170C0098D656 /* MKMapView+Focus.m in Sources */,
				92B6688D1C2F130B0014198E /* UIVIew+Shadow.m in Sources */,
				92B6685A1C2D8F750014198E /* main.m in Sources */,
				92B668821C2EED140014198E /* Model.m in Sources */,
				9236CC0C1C3323D40098D656 /* BreadcrumbAnnotationView.m in Sources */,
				92B6688A1C2F015A0014198E /* DetailViewController.m in Sources */,
			);
			runOnlyForDeploymentPostprocessing = 0;
		};
/* End PBXSourcesBuildPhase section */

/* Begin PBXVariantGroup section */
		92B668611C2D8F750014198E /* Main.storyboard */ = {
			isa = PBXVariantGroup;
			children = (
				92B668621C2D8F750014198E /* Base */,
			);
			name = Main.storyboard;
			path = .;
			sourceTree = "<group>";
		};
		92B668661C2D8F750014198E /* LaunchScreen.storyboard */ = {
			isa = PBXVariantGroup;
			children = (
				92B668671C2D8F750014198E /* Base */,
			);
			name = LaunchScreen.storyboard;
			path = .;
			sourceTree = "<group>";
		};
/* End PBXVariantGroup section */

/* Begin XCBuildConfiguration section */
		92B6686A1C2D8F750014198E /* Debug */ = {
			isa = XCBuildConfiguration;
			buildSettings = {
				ALWAYS_SEARCH_USER_PATHS = NO;
				CLANG_CXX_LANGUAGE_STANDARD = "gnu++0x";
				CLANG_CXX_LIBRARY = "libc++";
				CLANG_ENABLE_MODULES = YES;
				CLANG_ENABLE_OBJC_ARC = YES;
				CLANG_WARN_BOOL_CONVERSION = YES;
				CLANG_WARN_CONSTANT_CONVERSION = YES;
				CLANG_WARN_DIRECT_OBJC_ISA_USAGE = YES_ERROR;
				CLANG_WARN_EMPTY_BODY = YES;
				CLANG_WARN_ENUM_CONVERSION = YES;
				CLANG_WARN_INT_CONVERSION = YES;
				CLANG_WARN_OBJC_ROOT_CLASS = YES_ERROR;
				CLANG_WARN_UNREACHABLE_CODE = YES;
				CLANG_WARN__DUPLICATE_METHOD_MATCH = YES;
				"CODE_SIGN_IDENTITY[sdk=iphoneos*]" = "iPhone Developer";
				COPY_PHASE_STRIP = NO;
				DEBUG_INFORMATION_FORMAT = dwarf;
				ENABLE_STRICT_OBJC_MSGSEND = YES;
				ENABLE_TESTABILITY = YES;
				GCC_C_LANGUAGE_STANDARD = gnu99;
				GCC_DYNAMIC_NO_PIC = NO;
				GCC_NO_COMMON_BLOCKS = YES;
				GCC_OPTIMIZATION_LEVEL = 0;
				GCC_PREPROCESSOR_DEFINITIONS = (
					"DEBUG=1",
					"$(inherited)",
				);
				GCC_WARN_64_TO_32_BIT_CONVERSION = YES;
				GCC_WARN_ABOUT_RETURN_TYPE = YES_ERROR;
				GCC_WARN_UNDECLARED_SELECTOR = YES;
				GCC_WARN_UNINITIALIZED_AUTOS = YES_AGGRESSIVE;
				GCC_WARN_UNUSED_FUNCTION = YES;
				GCC_WARN_UNUSED_VARIABLE = YES;
				IPHONEOS_DEPLOYMENT_TARGET = 9.2;
				MTL_ENABLE_DEBUG_INFO = YES;
				ONLY_ACTIVE_ARCH = YES;
				SDKROOT = iphoneos;
			};
			name = Debug;
		};
		92B6686B1C2D8F750014198E /* Release */ = {
			isa = XCBuildConfiguration;
			buildSettings = {
				ALWAYS_SEARCH_USER_PATHS = NO;
				CLANG_CXX_LANGUAGE_STANDARD = "gnu++0x";
				CLANG_CXX_LIBRARY = "libc++";
				CLANG_ENABLE_MODULES = YES;
				CLANG_ENABLE_OBJC_ARC = YES;
				CLANG_WARN_BOOL_CONVERSION = YES;
				CLANG_WARN_CONSTANT_CONVERSION = YES;
				CLANG_WARN_DIRECT_OBJC_ISA_USAGE = YES_ERROR;
				CLANG_WARN_EMPTY_BODY = YES;
				CLANG_WARN_ENUM_CONVERSION = YES;
				CLANG_WARN_INT_CONVERSION = YES;
				CLANG_WARN_OBJC_ROOT_CLASS = YES_ERROR;
				CLANG_WARN_UNREACHABLE_CODE = YES;
				CLANG_WARN__DUPLICATE_METHOD_MATCH = YES;
				"CODE_SIGN_IDENTITY[sdk=iphoneos*]" = "iPhone Developer";
				COPY_PHASE_STRIP = NO;
				DEBUG_INFORMATION_FORMAT = "dwarf-with-dsym";
				ENABLE_NS_ASSERTIONS = NO;
				ENABLE_STRICT_OBJC_MSGSEND = YES;
				GCC_C_LANGUAGE_STANDARD = gnu99;
				GCC_NO_COMMON_BLOCKS = YES;
				GCC_WARN_64_TO_32_BIT_CONVERSION = YES;
				GCC_WARN_ABOUT_RETURN_TYPE = YES_ERROR;
				GCC_WARN_UNDECLARED_SELECTOR = YES;
				GCC_WARN_UNINITIALIZED_AUTOS = YES_AGGRESSIVE;
				GCC_WARN_UNUSED_FUNCTION = YES;
				GCC_WARN_UNUSED_VARIABLE = YES;
				IPHONEOS_DEPLOYMENT_TARGET = 9.2;
				MTL_ENABLE_DEBUG_INFO = NO;
				SDKROOT = iphoneos;
				VALIDATE_PRODUCT = YES;
			};
			name = Release;
		};
		92B6686D1C2D8F750014198E /* Debug */ = {
			isa = XCBuildConfiguration;
			buildSettings = {
				ASSETCATALOG_COMPILER_APPICON_NAME = AppIcon;
				CODE_SIGN_IDENTITY = "iPhone Developer";
				FRAMEWORK_SEARCH_PATHS = (
					"$(inherited)",
					"$(PROJECT_DIR)",
				);
				INFOPLIST_FILE = "Breadcrumbs/Supporting Files/Info.plist";
				LD_RUNPATH_SEARCH_PATHS = "$(inherited) @executable_path/Frameworks";
				PRODUCT_BUNDLE_IDENTIFIER = bz.oron.Breadcrumbs;
				PRODUCT_NAME = "$(TARGET_NAME)";
				TARGETED_DEVICE_FAMILY = 1;
			};
			name = Debug;
		};
		92B6686E1C2D8F750014198E /* Release */ = {
			isa = XCBuildConfiguration;
			buildSettings = {
				ASSETCATALOG_COMPILER_APPICON_NAME = AppIcon;
				CODE_SIGN_IDENTITY = "iPhone Developer";
				FRAMEWORK_SEARCH_PATHS = (
					"$(inherited)",
					"$(PROJECT_DIR)",
				);
				INFOPLIST_FILE = "Breadcrumbs/Supporting Files/Info.plist";
				LD_RUNPATH_SEARCH_PATHS = "$(inherited) @executable_path/Frameworks";
				PRODUCT_BUNDLE_IDENTIFIER = bz.oron.Breadcrumbs;
				PRODUCT_NAME = "$(TARGET_NAME)";
				TARGETED_DEVICE_FAMILY = 1;
			};
			name = Release;
		};
/* End XCBuildConfiguration section */

/* Begin XCConfigurationList section */
		92B668501C2D8F750014198E /* Build configuration list for PBXProject "Breadcrumbs" */ = {
			isa = XCConfigurationList;
			buildConfigurations = (
				92B6686A1C2D8F750014198E /* Debug */,
				92B6686B1C2D8F750014198E /* Release */,
			);
			defaultConfigurationIsVisible = 0;
			defaultConfigurationName = Release;
		};
		92B6686C1C2D8F750014198E /* Build configuration list for PBXNativeTarget "Breadcrumbs" */ = {
			isa = XCConfigurationList;
			buildConfigurations = (
				92B6686D1C2D8F750014198E /* Debug */,
				92B6686E1C2D8F750014198E /* Release */,
			);
			defaultConfigurationIsVisible = 0;
			defaultConfigurationName = Release;
		};
/* End XCConfigurationList section */
	};
	rootObject = 92B6684D1C2D8F750014198E /* Project object */;
}
